
Microsoft Visual Studio Solution File, Format Version 12.00
# Visual Studio Version 17
VisualStudioVersion = 17.1.32328.378
MinimumVisualStudioVersion = 10.0.40219.1
Project("{8BC9CEB8-8B4A-11D0-8D11-00A0C91BC942}") = "a-maze-ing-generator-and-solver", "a-maze-ing-generator-and-solver.vcxproj", "{78005758-FC89-4D80-BD39-E0EADC9D7F73}"
EndProject
Global
	GlobalSection(SolutionConfigurationPlatforms) = preSolution
		Debug|x64 = Debug|x64
		Debug|x86 = Debug|x86
		Release|x64 = Release|x64
		Release|x86 = Release|x86
	EndGlobalSection
	GlobalSection(ProjectConfigurationPlatforms) = postSolution
		{78005758-FC89-4D80-BD39-E0EADC9D7F73}.Debug|x64.ActiveCfg = Debug|x64
		{78005758-FC89-4D80-BD39-E0EADC9D7F73}.Debug|x64.Build.0 = Debug|x64
		{78005758-FC89-4D80-BD39-E0EADC9D7F73}.Debug|x86.ActiveCfg = Debug|Win32
		{78005758-FC89-4D80-BD39-E0EADC9D7F73}.Debug|x86.Build.0 = Debug|Win32
		{78005758-FC89-4D80-BD39-E0EADC9D7F73}.Release|x64.ActiveCfg = Release|x64
		{78005758-FC89-4D80-BD39-E0EADC9D7F73}.Release|x64.Build.0 = Release|x64
		{78005758-FC89-4D80-BD39-E0EADC9D7F73}.Release|x86.ActiveCfg = Release|Win32
		{78005758-FC89-4D80-BD39-E0EADC9D7F73}.Release|x86.Build.0 = Release|Win32
	EndGlobalSection
	GlobalSection(SolutionProperties) = preSolution
		HideSolutionNode = FALSE
	EndGlobalSection
	GlobalSection(ExtensibilityGlobals) = postSolution
		SolutionGuid = {325D1E2D-F735-4C40-9F2A-50CEFC2EB655}
	EndGlobalSection
EndGlobal
